// !$*UTF8*$!
{
	archiveVersion = 1;
	classes = {
	};
	objectVersion = 46;
	objects = {

/* Begin PBXBuildFile section */
		AABFD37B19468BA10046EA3C /* Foundation.framework in Frameworks */ = {isa = PBXBuildFile; fileRef = AABFD37A19468BA10046EA3C /* Foundation.framework */; };
		AABFD37D19468BA10046EA3C /* CoreGraphics.framework in Frameworks */ = {isa = PBXBuildFile; fileRef = AABFD37C19468BA10046EA3C /* CoreGraphics.framework */; };
		AABFD37F19468BA10046EA3C /* UIKit.framework in Frameworks */ = {isa = PBXBuildFile; fileRef = AABFD37E19468BA10046EA3C /* UIKit.framework */; };
		AABFD38119468BA10046EA3C /* CoreData.framework in Frameworks */ = {isa = PBXBuildFile; fileRef = AABFD38019468BA10046EA3C /* CoreData.framework */; };
		AABFD38719468BA10046EA3C /* InfoPlist.strings in Resources */ = {isa = PBXBuildFile; fileRef = AABFD38519468BA10046EA3C /* InfoPlist.strings */; };
		AABFD38919468BA10046EA3C /* main.m in Sources */ = {isa = PBXBuildFile; fileRef = AABFD38819468BA10046EA3C /* main.m */; };
		AABFD38D19468BA10046EA3C /* AppDelegate.m in Sources */ = {isa = PBXBuildFile; fileRef = AABFD38C19468BA10046EA3C /* AppDelegate.m */; };
		AABFD39019468BA10046EA3C /* PhotoFilter.xcdatamodeld in Sources */ = {isa = PBXBuildFile; fileRef = AABFD38E19468BA10046EA3C /* PhotoFilter.xcdatamodeld */; };
		AABFD39219468BA10046EA3C /* Images.xcassets in Resources */ = {isa = PBXBuildFile; fileRef = AABFD39119468BA10046EA3C /* Images.xcassets */; };
		AABFD39919468BA10046EA3C /* XCTest.framework in Frameworks */ = {isa = PBXBuildFile; fileRef = AABFD39819468BA10046EA3C /* XCTest.framework */; };
		AABFD39A19468BA10046EA3C /* Foundation.framework in Frameworks */ = {isa = PBXBuildFile; fileRef = AABFD37A19468BA10046EA3C /* Foundation.framework */; };
		AABFD39B19468BA10046EA3C /* UIKit.framework in Frameworks */ = {isa = PBXBuildFile; fileRef = AABFD37E19468BA10046EA3C /* UIKit.framework */; };
		AABFD39C19468BA10046EA3C /* CoreData.framework in Frameworks */ = {isa = PBXBuildFile; fileRef = AABFD38019468BA10046EA3C /* CoreData.framework */; };
		AABFD3A419468BA10046EA3C /* InfoPlist.strings in Resources */ = {isa = PBXBuildFile; fileRef = AABFD3A219468BA10046EA3C /* InfoPlist.strings */; };
		AABFD3A619468BA10046EA3C /* PhotoFilterTests.m in Sources */ = {isa = PBXBuildFile; fileRef = AABFD3A519468BA10046EA3C /* PhotoFilterTests.m */; };
		AABFD3B019468CD20046EA3C /* Storyboard.storyboard in Resources */ = {isa = PBXBuildFile; fileRef = AABFD3AF19468CD20046EA3C /* Storyboard.storyboard */; };
		AABFD3B319468D750046EA3C /* AlbumTableViewController.m in Sources */ = {isa = PBXBuildFile; fileRef = AABFD3B219468D750046EA3C /* AlbumTableViewController.m */; };
		AABFD3B919469CCA0046EA3C /* CoreDateHelper.m in Sources */ = {isa = PBXBuildFile; fileRef = AABFD3B819469CCA0046EA3C /* CoreDateHelper.m */; };
		AABFD3BC1946A8210046EA3C /* PhotoCollectionViewController.m in Sources */ = {isa = PBXBuildFile; fileRef = AABFD3BB1946A8210046EA3C /* PhotoCollectionViewController.m */; };
		AABFD4511947CD280046EA3C /* PhotoCollectionViewCell.m in Sources */ = {isa = PBXBuildFile; fileRef = AABFD4501947CD280046EA3C /* PhotoCollectionViewCell.m */; };
		AABFD4561947DA790046EA3C /* Photo.m in Sources */ = {isa = PBXBuildFile; fileRef = AABFD4551947DA790046EA3C /* Photo.m */; };
		AABFD4591947DA7A0046EA3C /* Album.m in Sources */ = {isa = PBXBuildFile; fileRef = AABFD4581947DA7A0046EA3C /* Album.m */; };
		AABFD45D1947F49B0046EA3C /* PictureDataTransformer.m in Sources */ = {isa = PBXBuildFile; fileRef = AABFD45C1947F49B0046EA3C /* PictureDataTransformer.m */; };
		AABFD4BC1948FB1C0046EA3C /* PhotoDetailViewController.m in Sources */ = {isa = PBXBuildFile; fileRef = AABFD4BB1948FB1C0046EA3C /* PhotoDetailViewController.m */; };
		AABFD4BF194900870046EA3C /* FiltersCollectionViewController.m in Sources */ = {isa = PBXBuildFile; fileRef = AABFD4BE194900870046EA3C /* FiltersCollectionViewController.m */; };
/* End PBXBuildFile section */

/* Begin PBXContainerItemProxy section */
		AABFD39D19468BA10046EA3C /* PBXContainerItemProxy */ = {
			isa = PBXContainerItemProxy;
			containerPortal = AABFD36F19468BA10046EA3C /* Project object */;
			proxyType = 1;
			remoteGlobalIDString = AABFD37619468BA10046EA3C;
			remoteInfo = PhotoFilter;
		};
/* End PBXContainerItemProxy section */

/* Begin PBXFileReference section */
		AABFD37719468BA10046EA3C /* PhotoFilter.app */ = {isa = PBXFileReference; explicitFileType = wrapper.application; includeInIndex = 0; path = PhotoFilter.app; sourceTree = BUILT_PRODUCTS_DIR; };
		AABFD37A19468BA10046EA3C /* Foundation.framework */ = {isa = PBXFileReference; lastKnownFileType = wrapper.framework; name = Foundation.framework; path = System/Library/Frameworks/Foundation.framework; sourceTree = SDKROOT; };
		AABFD37C19468BA10046EA3C /* CoreGraphics.framework */ = {isa = PBXFileReference; lastKnownFileType = wrapper.framework; name = CoreGraphics.framework; path = System/Library/Frameworks/CoreGraphics.framework; sourceTree = SDKROOT; };
		AABFD37E19468BA10046EA3C /* UIKit.framework */ = {isa = PBXFileReference; lastKnownFileType = wrapper.framework; name = UIKit.framework; path = System/Library/Frameworks/UIKit.framework; sourceTree = SDKROOT; };
		AABFD38019468BA10046EA3C /* CoreData.framework */ = {isa = PBXFileReference; lastKnownFileType = wrapper.framework; name = CoreData.framework; path = System/Library/Frameworks/CoreData.framework; sourceTree = SDKROOT; };
		AABFD38419468BA10046EA3C /* PhotoFilter-Info.plist */ = {isa = PBXFileReference; lastKnownFileType = text.plist.xml; path = "PhotoFilter-Info.plist"; sourceTree = "<group>"; };
		AABFD38619468BA10046EA3C /* en */ = {isa = PBXFileReference; lastKnownFileType = text.plist.strings; name = en; path = en.lproj/InfoPlist.strings; sourceTree = "<group>"; };
		AABFD38819468BA10046EA3C /* main.m */ = {isa = PBXFileReference; lastKnownFileType = sourcecode.c.objc; path = main.m; sourceTree = "<group>"; };
		AABFD38A19468BA10046EA3C /* PhotoFilter-Prefix.pch */ = {isa = PBXFileReference; lastKnownFileType = sourcecode.c.h; path = "PhotoFilter-Prefix.pch"; sourceTree = "<group>"; };
		AABFD38B19468BA10046EA3C /* AppDelegate.h */ = {isa = PBXFileReference; lastKnownFileType = sourcecode.c.h; path = AppDelegate.h; sourceTree = "<group>"; };
		AABFD38C19468BA10046EA3C /* AppDelegate.m */ = {isa = PBXFileReference; lastKnownFileType = sourcecode.c.objc; path = AppDelegate.m; sourceTree = "<group>"; };
		AABFD38F19468BA10046EA3C /* PhotoFilter.xcdatamodel */ = {isa = PBXFileReference; lastKnownFileType = wrapper.xcdatamodel; path = PhotoFilter.xcdatamodel; sourceTree = "<group>"; };
		AABFD39119468BA10046EA3C /* Images.xcassets */ = {isa = PBXFileReference; lastKnownFileType = folder.assetcatalog; path = Images.xcassets; sourceTree = "<group>"; };
		AABFD39719468BA10046EA3C /* PhotoFilterTests.xctest */ = {isa = PBXFileReference; explicitFileType = wrapper.cfbundle; includeInIndex = 0; path = PhotoFilterTests.xctest; sourceTree = BUILT_PRODUCTS_DIR; };
		AABFD39819468BA10046EA3C /* XCTest.framework */ = {isa = PBXFileReference; lastKnownFileType = wrapper.framework; name = XCTest.framework; path = Library/Frameworks/XCTest.framework; sourceTree = DEVELOPER_DIR; };
		AABFD3A119468BA10046EA3C /* PhotoFilterTests-Info.plist */ = {isa = PBXFileReference; lastKnownFileType = text.plist.xml; path = "PhotoFilterTests-Info.plist"; sourceTree = "<group>"; };
		AABFD3A319468BA10046EA3C /* en */ = {isa = PBXFileReference; lastKnownFileType = text.plist.strings; name = en; path = en.lproj/InfoPlist.strings; sourceTree = "<group>"; };
		AABFD3A519468BA10046EA3C /* PhotoFilterTests.m */ = {isa = PBXFileReference; lastKnownFileType = sourcecode.c.objc; path = PhotoFilterTests.m; sourceTree = "<group>"; };
		AABFD3AF19468CD20046EA3C /* Storyboard.storyboard */ = {isa = PBXFileReference; fileEncoding = 4; lastKnownFileType = file.storyboard; path = Storyboard.storyboard; sourceTree = "<group>"; };
		AABFD3B119468D750046EA3C /* AlbumTableViewController.h */ = {isa = PBXFileReference; fileEncoding = 4; lastKnownFileType = sourcecode.c.h; path = AlbumTableViewController.h; sourceTree = "<group>"; };
		AABFD3B219468D750046EA3C /* AlbumTableViewController.m */ = {isa = PBXFileReference; fileEncoding = 4; lastKnownFileType = sourcecode.c.objc; path = AlbumTableViewController.m; sourceTree = "<group>"; };
		AABFD3B719469CCA0046EA3C /* CoreDateHelper.h */ = {isa = PBXFileReference; fileEncoding = 4; lastKnownFileType = sourcecode.c.h; path = CoreDateHelper.h; sourceTree = "<group>"; };
		AABFD3B819469CCA0046EA3C /* CoreDateHelper.m */ = {isa = PBXFileReference; fileEncoding = 4; lastKnownFileType = sourcecode.c.objc; path = CoreDateHelper.m; sourceTree = "<group>"; };
		AABFD3BA1946A8210046EA3C /* PhotoCollectionViewController.h */ = {isa = PBXFileReference; fileEncoding = 4; lastKnownFileType = sourcecode.c.h; path = PhotoCollectionViewController.h; sourceTree = "<group>"; };
		AABFD3BB1946A8210046EA3C /* PhotoCollectionViewController.m */ = {isa = PBXFileReference; fileEncoding = 4; lastKnownFileType = sourcecode.c.objc; path = PhotoCollectionViewController.m; sourceTree = "<group>"; };
		AABFD44F1947CD280046EA3C /* PhotoCollectionViewCell.h */ = {isa = PBXFileReference; fileEncoding = 4; lastKnownFileType = sourcecode.c.h; path = PhotoCollectionViewCell.h; sourceTree = "<group>"; };
		AABFD4501947CD280046EA3C /* PhotoCollectionViewCell.m */ = {isa = PBXFileReference; fileEncoding = 4; lastKnownFileType = sourcecode.c.objc; path = PhotoCollectionViewCell.m; sourceTree = "<group>"; };
		AABFD4541947DA790046EA3C /* Photo.h */ = {isa = PBXFileReference; fileEncoding = 4; lastKnownFileType = sourcecode.c.h; path = Photo.h; sourceTree = "<group>"; };
		AABFD4551947DA790046EA3C /* Photo.m */ = {isa = PBXFileReference; fileEncoding = 4; lastKnownFileType = sourcecode.c.objc; path = Photo.m; sourceTree = "<group>"; };
		AABFD4571947DA7A0046EA3C /* Album.h */ = {isa = PBXFileReference; fileEncoding = 4; lastKnownFileType = sourcecode.c.h; path = Album.h; sourceTree = "<group>"; };
		AABFD4581947DA7A0046EA3C /* Album.m */ = {isa = PBXFileReference; fileEncoding = 4; lastKnownFileType = sourcecode.c.objc; path = Album.m; sourceTree = "<group>"; };
		AABFD45B1947F49B0046EA3C /* PictureDataTransformer.h */ = {isa = PBXFileReference; fileEncoding = 4; lastKnownFileType = sourcecode.c.h; path = PictureDataTransformer.h; sourceTree = "<group>"; };
		AABFD45C1947F49B0046EA3C /* PictureDataTransformer.m */ = {isa = PBXFileReference; fileEncoding = 4; lastKnownFileType = sourcecode.c.objc; path = PictureDataTransformer.m; sourceTree = "<group>"; };
		AABFD4BA1948FB1C0046EA3C /* PhotoDetailViewController.h */ = {isa = PBXFileReference; fileEncoding = 4; lastKnownFileType = sourcecode.c.h; path = PhotoDetailViewController.h; sourceTree = "<group>"; };
		AABFD4BB1948FB1C0046EA3C /* PhotoDetailViewController.m */ = {isa = PBXFileReference; fileEncoding = 4; lastKnownFileType = sourcecode.c.objc; path = PhotoDetailViewController.m; sourceTree = "<group>"; };
		AABFD4BD194900870046EA3C /* FiltersCollectionViewController.h */ = {isa = PBXFileReference; fileEncoding = 4; lastKnownFileType = sourcecode.c.h; path = FiltersCollectionViewController.h; sourceTree = "<group>"; };
		AABFD4BE194900870046EA3C /* FiltersCollectionViewController.m */ = {isa = PBXFileReference; fileEncoding = 4; lastKnownFileType = sourcecode.c.objc; path = FiltersCollectionViewController.m; sourceTree = "<group>"; };
/* End PBXFileReference section */

/* Begin PBXFrameworksBuildPhase section */
		AABFD37419468BA10046EA3C /* Frameworks */ = {
			isa = PBXFrameworksBuildPhase;
			buildActionMask = 2147483647;
			files = (
				AABFD37D19468BA10046EA3C /* CoreGraphics.framework in Frameworks */,
				AABFD38119468BA10046EA3C /* CoreData.framework in Frameworks */,
				AABFD37F19468BA10046EA3C /* UIKit.framework in Frameworks */,
				AABFD37B19468BA10046EA3C /* Foundation.framework in Frameworks */,
			);
			runOnlyForDeploymentPostprocessing = 0;
		};
		AABFD39419468BA10046EA3C /* Frameworks */ = {
			isa = PBXFrameworksBuildPhase;
			buildActionMask = 2147483647;
			files = (
				AABFD39919468BA10046EA3C /* XCTest.framework in Frameworks */,
				AABFD39C19468BA10046EA3C /* CoreData.framework in Frameworks */,
				AABFD39B19468BA10046EA3C /* UIKit.framework in Frameworks */,
				AABFD39A19468BA10046EA3C /* Foundation.framework in Frameworks */,
			);
			runOnlyForDeploymentPostprocessing = 0;
		};
/* End PBXFrameworksBuildPhase section */

/* Begin PBXGroup section */
		AA8C38C019493B8A0091BF33 /* ViewControllers */ = {
			isa = PBXGroup;
			children = (
				AABFD4BD194900870046EA3C /* FiltersCollectionViewController.h */,
				AABFD4BE194900870046EA3C /* FiltersCollectionViewController.m */,
				AABFD4BA1948FB1C0046EA3C /* PhotoDetailViewController.h */,
				AABFD4BB1948FB1C0046EA3C /* PhotoDetailViewController.m */,
				AABFD3B119468D750046EA3C /* AlbumTableViewController.h */,
				AABFD3B219468D750046EA3C /* AlbumTableViewController.m */,
				AABFD3BA1946A8210046EA3C /* PhotoCollectionViewController.h */,
				AABFD3BB1946A8210046EA3C /* PhotoCollectionViewController.m */,
			);
			name = ViewControllers;
			sourceTree = "<group>";
		};
		AA8C38C119493BCD0091BF33 /* View */ = {
			isa = PBXGroup;
			children = (
				AABFD44F1947CD280046EA3C /* PhotoCollectionViewCell.h */,
				AABFD4501947CD280046EA3C /* PhotoCollectionViewCell.m */,
			);
			name = View;
			sourceTree = "<group>";
		};
		AA8C38C219493E320091BF33 /* Application */ = {
			isa = PBXGroup;
			children = (
				AABFD38B19468BA10046EA3C /* AppDelegate.h */,
				AABFD38C19468BA10046EA3C /* AppDelegate.m */,
				AABFD3AF19468CD20046EA3C /* Storyboard.storyboard */,
			);
			name = Application;
			sourceTree = "<group>";
		};
		AABFD36E19468BA10046EA3C = {
			isa = PBXGroup;
			children = (
				AABFD38219468BA10046EA3C /* PhotoFilter */,
				AABFD39F19468BA10046EA3C /* PhotoFilterTests */,
				AABFD37919468BA10046EA3C /* Frameworks */,
				AABFD37819468BA10046EA3C /* Products */,
			);
			sourceTree = "<group>";
		};
		AABFD37819468BA10046EA3C /* Products */ = {
			isa = PBXGroup;
			children = (
				AABFD37719468BA10046EA3C /* PhotoFilter.app */,
				AABFD39719468BA10046EA3C /* PhotoFilterTests.xctest */,
			);
			name = Products;
			sourceTree = "<group>";
		};
		AABFD37919468BA10046EA3C /* Frameworks */ = {
			isa = PBXGroup;
			children = (
				AABFD37A19468BA10046EA3C /* Foundation.framework */,
				AABFD37C19468BA10046EA3C /* CoreGraphics.framework */,
				AABFD37E19468BA10046EA3C /* UIKit.framework */,
				AABFD38019468BA10046EA3C /* CoreData.framework */,
				AABFD39819468BA10046EA3C /* XCTest.framework */,
			);
			name = Frameworks;
			sourceTree = "<group>";
		};
		AABFD38219468BA10046EA3C /* PhotoFilter */ = {
			isa = PBXGroup;
			children = (
				AA8C38C219493E320091BF33 /* Application */,
				AABFD45A1947DA9A0046EA3C /* CoreData Model */,
				AA8C38C019493B8A0091BF33 /* ViewControllers */,
				AA8C38C119493BCD0091BF33 /* View */,
				AABFD39119468BA10046EA3C /* Images.xcassets */,
				AABFD38319468BA10046EA3C /* Supporting Files */,
			);
			path = PhotoFilter;
			sourceTree = "<group>";
		};
		AABFD38319468BA10046EA3C /* Supporting Files */ = {
			isa = PBXGroup;
			children = (
				AABFD38419468BA10046EA3C /* PhotoFilter-Info.plist */,
				AABFD38519468BA10046EA3C /* InfoPlist.strings */,
				AABFD38819468BA10046EA3C /* main.m */,
				AABFD38A19468BA10046EA3C /* PhotoFilter-Prefix.pch */,
			);
			name = "Supporting Files";
			sourceTree = "<group>";
		};
		AABFD39F19468BA10046EA3C /* PhotoFilterTests */ = {
			isa = PBXGroup;
			children = (
				AABFD3A519468BA10046EA3C /* PhotoFilterTests.m */,
				AABFD3A019468BA10046EA3C /* Supporting Files */,
			);
			path = PhotoFilterTests;
			sourceTree = "<group>";
		};
		AABFD3A019468BA10046EA3C /* Supporting Files */ = {
			isa = PBXGroup;
			children = (
				AABFD3A119468BA10046EA3C /* PhotoFilterTests-Info.plist */,
				AABFD3A219468BA10046EA3C /* InfoPlist.strings */,
			);
			name = "Supporting Files";
			sourceTree = "<group>";
		};
		AABFD45A1947DA9A0046EA3C /* CoreData Model */ = {
			isa = PBXGroup;
			children = (
				AABFD3B719469CCA0046EA3C /* CoreDateHelper.h */,
				AABFD3B819469CCA0046EA3C /* CoreDateHelper.m */,
				AABFD38E19468BA10046EA3C /* PhotoFilter.xcdatamodeld */,
				AABFD4571947DA7A0046EA3C /* Album.h */,
				AABFD4581947DA7A0046EA3C /* Album.m */,
				AABFD4541947DA790046EA3C /* Photo.h */,
				AABFD4551947DA790046EA3C /* Photo.m */,
				AABFD45B1947F49B0046EA3C /* PictureDataTransformer.h */,
				AABFD45C1947F49B0046EA3C /* PictureDataTransformer.m */,
			);
			name = "CoreData Model";
			sourceTree = "<group>";
		};
/* End PBXGroup section */

/* Begin PBXNativeTarget section */
		AABFD37619468BA10046EA3C /* PhotoFilter */ = {
			isa = PBXNativeTarget;
			buildConfigurationList = AABFD3A919468BA10046EA3C /* Build configuration list for PBXNativeTarget "PhotoFilter" */;
			buildPhases = (
				AABFD37319468BA10046EA3C /* Sources */,
				AABFD37419468BA10046EA3C /* Frameworks */,
				AABFD37519468BA10046EA3C /* Resources */,
			);
			buildRules = (
			);
			dependencies = (
			);
			name = PhotoFilter;
			productName = PhotoFilter;
			productReference = AABFD37719468BA10046EA3C /* PhotoFilter.app */;
			productType = "com.apple.product-type.application";
		};
		AABFD39619468BA10046EA3C /* PhotoFilterTests */ = {
			isa = PBXNativeTarget;
			buildConfigurationList = AABFD3AC19468BA10046EA3C /* Build configuration list for PBXNativeTarget "PhotoFilterTests" */;
			buildPhases = (
				AABFD39319468BA10046EA3C /* Sources */,
				AABFD39419468BA10046EA3C /* Frameworks */,
				AABFD39519468BA10046EA3C /* Resources */,
			);
			buildRules = (
			);
			dependencies = (
				AABFD39E19468BA10046EA3C /* PBXTargetDependency */,
			);
			name = PhotoFilterTests;
			productName = PhotoFilterTests;
			productReference = AABFD39719468BA10046EA3C /* PhotoFilterTests.xctest */;
			productType = "com.apple.product-type.bundle.unit-test";
		};
/* End PBXNativeTarget section */

/* Begin PBXProject section */
		AABFD36F19468BA10046EA3C /* Project object */ = {
			isa = PBXProject;
			attributes = {
				LastUpgradeCheck = 0510;
				ORGANIZATIONNAME = jstnheo;
				TargetAttributes = {
					AABFD39619468BA10046EA3C = {
						TestTargetID = AABFD37619468BA10046EA3C;
					};
				};
			};
			buildConfigurationList = AABFD37219468BA10046EA3C /* Build configuration list for PBXProject "PhotoFilter" */;
			compatibilityVersion = "Xcode 3.2";
			developmentRegion = English;
			hasScannedForEncodings = 0;
			knownRegions = (
				en,
			);
			mainGroup = AABFD36E19468BA10046EA3C;
			productRefGroup = AABFD37819468BA10046EA3C /* Products */;
			projectDirPath = "";
			projectRoot = "";
			targets = (
				AABFD37619468BA10046EA3C /* PhotoFilter */,
				AABFD39619468BA10046EA3C /* PhotoFilterTests */,
			);
		};
/* End PBXProject section */

/* Begin PBXResourcesBuildPhase section */
		AABFD37519468BA10046EA3C /* Resources */ = {
			isa = PBXResourcesBuildPhase;
			buildActionMask = 2147483647;
			files = (
				AABFD38719468BA10046EA3C /* InfoPlist.strings in Resources */,
				AABFD39219468BA10046EA3C /* Images.xcassets in Resources */,
				AABFD3B019468CD20046EA3C /* Storyboard.storyboard in Resources */,
			);
			runOnlyForDeploymentPostprocessing = 0;
		};
		AABFD39519468BA10046EA3C /* Resources */ = {
			isa = PBXResourcesBuildPhase;
			buildActionMask = 2147483647;
			files = (
				AABFD3A419468BA10046EA3C /* InfoPlist.strings in Resources */,
			);
			runOnlyForDeploymentPostprocessing = 0;
		};
/* End PBXResourcesBuildPhase section */

/* Begin PBXSourcesBuildPhase section */
		AABFD37319468BA10046EA3C /* Sources */ = {
			isa = PBXSourcesBuildPhase;
			buildActionMask = 2147483647;
			files = (
				AABFD45D1947F49B0046EA3C /* PictureDataTransformer.m in Sources */,
				AABFD4BC1948FB1C0046EA3C /* PhotoDetailViewController.m in Sources */,
				AABFD3BC1946A8210046EA3C /* PhotoCollectionViewController.m in Sources */,
				AABFD38D19468BA10046EA3C /* AppDelegate.m in Sources */,
				AABFD4BF194900870046EA3C /* FiltersCollectionViewController.m in Sources */,
				AABFD3B319468D750046EA3C /* AlbumTableViewController.m in Sources */,
				AABFD4561947DA790046EA3C /* Photo.m in Sources */,
				AABFD39019468BA10046EA3C /* PhotoFilter.xcdatamodeld in Sources */,
				AABFD4511947CD280046EA3C /* PhotoCollectionViewCell.m in Sources */,
				AABFD4591947DA7A0046EA3C /* Album.m in Sources */,
				AABFD3B919469CCA0046EA3C /* CoreDateHelper.m in Sources */,
				AABFD38919468BA10046EA3C /* main.m in Sources */,
			);
			runOnlyForDeploymentPostprocessing = 0;
		};
		AABFD39319468BA10046EA3C /* Sources */ = {
			isa = PBXSourcesBuildPhase;
			buildActionMask = 2147483647;
			files = (
				AABFD3A619468BA10046EA3C /* PhotoFilterTests.m in Sources */,
			);
			runOnlyForDeploymentPostprocessing = 0;
		};
/* End PBXSourcesBuildPhase section */

/* Begin PBXTargetDependency section */
		AABFD39E19468BA10046EA3C /* PBXTargetDependency */ = {
			isa = PBXTargetDependency;
			target = AABFD37619468BA10046EA3C /* PhotoFilter */;
			targetProxy = AABFD39D19468BA10046EA3C /* PBXContainerItemProxy */;
		};
/* End PBXTargetDependency section */

/* Begin PBXVariantGroup section */
		AABFD38519468BA10046EA3C /* InfoPlist.strings */ = {
			isa = PBXVariantGroup;
			children = (
				AABFD38619468BA10046EA3C /* en */,
			);
			name = InfoPlist.strings;
			sourceTree = "<group>";
		};
		AABFD3A219468BA10046EA3C /* InfoPlist.strings */ = {
			isa = PBXVariantGroup;
			children = (
				AABFD3A319468BA10046EA3C /* en */,
			);
			name = InfoPlist.strings;
			sourceTree = "<group>";
		};
/* End PBXVariantGroup section */

/* Begin XCBuildConfiguration section */
		AABFD3A719468BA10046EA3C /* Debug */ = {
			isa = XCBuildConfiguration;
			buildSettings = {
				ALWAYS_SEARCH_USER_PATHS = NO;
				CLANG_CXX_LANGUAGE_STANDARD = "gnu++0x";
				CLANG_CXX_LIBRARY = "libc++";
				CLANG_ENABLE_MODULES = YES;
				CLANG_ENABLE_OBJC_ARC = YES;
				CLANG_WARN_BOOL_CONVERSION = YES;
				CLANG_WARN_CONSTANT_CONVERSION = YES;
				CLANG_WARN_DIRECT_OBJC_ISA_USAGE = YES_ERROR;
				CLANG_WARN_EMPTY_BODY = YES;
				CLANG_WARN_ENUM_CONVERSION = YES;
				CLANG_WARN_INT_CONVERSION = YES;
				CLANG_WARN_OBJC_ROOT_CLASS = YES_ERROR;
				CLANG_WARN__DUPLICATE_METHOD_MATCH = YES;
				"CODE_SIGN_IDENTITY[sdk=iphoneos*]" = "iPhone Developer";
				COPY_PHASE_STRIP = NO;
				GCC_C_LANGUAGE_STANDARD = gnu99;
				GCC_DYNAMIC_NO_PIC = NO;
				GCC_OPTIMIZATION_LEVEL = 0;
				GCC_PREPROCESSOR_DEFINITIONS = (
					"DEBUG=1",
					"$(inherited)",
				);
				GCC_SYMBOLS_PRIVATE_EXTERN = NO;
				GCC_WARN_64_TO_32_BIT_CONVERSION = YES;
				GCC_WARN_ABOUT_RETURN_TYPE = YES_ERROR;
				GCC_WARN_UNDECLARED_SELECTOR = YES;
				GCC_WARN_UNINITIALIZED_AUTOS = YES_AGGRESSIVE;
				GCC_WARN_UNUSED_FUNCTION = YES;
				GCC_WARN_UNUSED_VARIABLE = YES;
				IPHONEOS_DEPLOYMENT_TARGET = 7.1;
				ONLY_ACTIVE_ARCH = YES;
				SDKROOT = iphoneos;
			};
			name = Debug;
		};
		AABFD3A819468BA10046EA3C /* Release */ = {
			isa = XCBuildConfiguration;
			buildSettings = {
				ALWAYS_SEARCH_USER_PATHS = NO;
				CLANG_CXX_LANGUAGE_STANDARD = "gnu++0x";
				CLANG_CXX_LIBRARY = "libc++";
				CLANG_ENABLE_MODULES = YES;
				CLANG_ENABLE_OBJC_ARC = YES;
				CLANG_WARN_BOOL_CONVERSION = YES;
				CLANG_WARN_CONSTANT_CONVERSION = YES;
				CLANG_WARN_DIRECT_OBJC_ISA_USAGE = YES_ERROR;
				CLANG_WARN_EMPTY_BODY = YES;
				CLANG_WARN_ENUM_CONVERSION = YES;
				CLANG_WARN_INT_CONVERSION = YES;
				CLANG_WARN_OBJC_ROOT_CLASS = YES_ERROR;
				CLANG_WARN__DUPLICATE_METHOD_MATCH = YES;
				"CODE_SIGN_IDENTITY[sdk=iphoneos*]" = "iPhone Developer";
				COPY_PHASE_STRIP = YES;
				ENABLE_NS_ASSERTIONS = NO;
				GCC_C_LANGUAGE_STANDARD = gnu99;
				GCC_WARN_64_TO_32_BIT_CONVERSION = YES;
				GCC_WARN_ABOUT_RETURN_TYPE = YES_ERROR;
				GCC_WARN_UNDECLARED_SELECTOR = YES;
				GCC_WARN_UNINITIALIZED_AUTOS = YES_AGGRESSIVE;
				GCC_WARN_UNUSED_FUNCTION = YES;
				GCC_WARN_UNUSED_VARIABLE = YES;
				IPHONEOS_DEPLOYMENT_TARGET = 7.1;
				SDKROOT = iphoneos;
				VALIDATE_PRODUCT = YES;
			};
			name = Release;
		};
		AABFD3AA19468BA10046EA3C /* Debug */ = {
			isa = XCBuildConfiguration;
			buildSettings = {
				ASSETCATALOG_COMPILER_APPICON_NAME = AppIcon;
				ASSETCATALOG_COMPILER_LAUNCHIMAGE_NAME = LaunchImage;
				GCC_PRECOMPILE_PREFIX_HEADER = YES;
				GCC_PREFIX_HEADER = "PhotoFilter/PhotoFilter-Prefix.pch";
				INFOPLIST_FILE = "PhotoFilter/PhotoFilter-Info.plist";
				PRODUCT_NAME = "$(TARGET_NAME)";
				WRAPPER_EXTENSION = app;
			};
			name = Debug;
		};
		AABFD3AB19468BA10046EA3C /* Release */ = {
			isa = XCBuildConfiguration;
			buildSettings = {
				ASSETCATALOG_COMPILER_APPICON_NAME = AppIcon;
				ASSETCATALOG_COMPILER_LAUNCHIMAGE_NAME = LaunchImage;
				GCC_PRECOMPILE_PREFIX_HEADER = YES;
				GCC_PREFIX_HEADER = "PhotoFilter/PhotoFilter-Prefix.pch";
				INFOPLIST_FILE = "PhotoFilter/PhotoFilter-Info.plist";
				PRODUCT_NAME = "$(TARGET_NAME)";
				WRAPPER_EXTENSION = app;
			};
			name = Release;
		};
		AABFD3AD19468BA10046EA3C /* Debug */ = {
			isa = XCBuildConfiguration;
			buildSettings = {
				BUNDLE_LOADER = "$(BUILT_PRODUCTS_DIR)/PhotoFilter.app/PhotoFilter";
				FRAMEWORK_SEARCH_PATHS = (
					"$(SDKROOT)/Developer/Library/Frameworks",
					"$(inherited)",
					"$(DEVELOPER_FRAMEWORKS_DIR)",
				);
				GCC_PRECOMPILE_PREFIX_HEADER = YES;
				GCC_PREFIX_HEADER = "PhotoFilter/PhotoFilter-Prefix.pch";
				GCC_PREPROCESSOR_DEFINITIONS = (
					"DEBUG=1",
					"$(inherited)",
				);
				INFOPLIST_FILE = "PhotoFilterTests/PhotoFilterTests-Info.plist";
				PRODUCT_NAME = "$(TARGET_NAME)";
				TEST_HOST = "$(BUNDLE_LOADER)";
				WRAPPER_EXTENSION = xctest;
			};
			name = Debug;
		};
		AABFD3AE19468BA10046EA3C /* Release */ = {
			isa = XCBuildConfiguration;
			buildSettings = {
				BUNDLE_LOADER = "$(BUILT_PRODUCTS_DIR)/PhotoFilter.app/PhotoFilter";
				FRAMEWORK_SEARCH_PATHS = (
					"$(SDKROOT)/Developer/Library/Frameworks",
					"$(inherited)",
					"$(DEVELOPER_FRAMEWORKS_DIR)",
				);
				GCC_PRECOMPILE_PREFIX_HEADER = YES;
				GCC_PREFIX_HEADER = "PhotoFilter/PhotoFilter-Prefix.pch";
				INFOPLIST_FILE = "PhotoFilterTests/PhotoFilterTests-Info.plist";
				PRODUCT_NAME = "$(TARGET_NAME)";
				TEST_HOST = "$(BUNDLE_LOADER)";
				WRAPPER_EXTENSION = xctest;
			};
			name = Release;
		};
/* End XCBuildConfiguration section */

/* Begin XCConfigurationList section */
		AABFD37219468BA10046EA3C /* Build configuration list for PBXProject "PhotoFilter" */ = {
			isa = XCConfigurationList;
			buildConfigurations = (
				AABFD3A719468BA10046EA3C /* Debug */,
				AABFD3A819468BA10046EA3C /* Release */,
			);
			defaultConfigurationIsVisible = 0;
			defaultConfigurationName = Release;
		};
		AABFD3A919468BA10046EA3C /* Build configuration list for PBXNativeTarget "PhotoFilter" */ = {
			isa = XCConfigurationList;
			buildConfigurations = (
				AABFD3AA19468BA10046EA3C /* Debug */,
				AABFD3AB19468BA10046EA3C /* Release */,
			);
			defaultConfigurationIsVisible = 0;
			defaultConfigurationName = Release;
		};
		AABFD3AC19468BA10046EA3C /* Build configuration list for PBXNativeTarget "PhotoFilterTests" */ = {
			isa = XCConfigurationList;
			buildConfigurations = (
				AABFD3AD19468BA10046EA3C /* Debug */,
				AABFD3AE19468BA10046EA3C /* Release */,
			);
			defaultConfigurationIsVisible = 0;
			defaultConfigurationName = Release;
		};
/* End XCConfigurationList section */

/* Begin XCVersionGroup section */
		AABFD38E19468BA10046EA3C /* PhotoFilter.xcdatamodeld */ = {
			isa = XCVersionGroup;
			children = (
				AABFD38F19468BA10046EA3C /* PhotoFilter.xcdatamodel */,
			);
			currentVersion = AABFD38F19468BA10046EA3C /* PhotoFilter.xcdatamodel */;
			path = PhotoFilter.xcdatamodeld;
			sourceTree = "<group>";
			versionGroupType = wrapper.xcdatamodel;
		};
/* End XCVersionGroup section */
	};
	rootObject = AABFD36F19468BA10046EA3C /* Project object */;
}
